{
  "requires": true,
  "lockfileVersion": 1,
  "dependencies": {
    "print-js": {
      "version": "1.0.54",
      "resolved": "https://registry.npmjs.org/print-js/-/print-js-1.0.54.tgz",
      "integrity": "sha512-tZkwoHJCTS6jqj0UuxhUY9xF8v0rOuAgIZRlfZBOg9D1R4saxznRANkVlAsLW+D4GOOsLq5Zd/OgVk58IfESXA=="
    }
  }
}
